# THIS IS AN AUTOGENERATED FILE. DO NOT EDIT THIS FILE DIRECTLY.
# yarn lockfile v1


"@types/aws-lambda@^8.10.26":
  version "8.10.26"
  resolved "https://registry.yarnpkg.com/@types/aws-lambda/-/aws-lambda-8.10.26.tgz#ebb164a95317b1350c5a57f719e8cb803a76fc97"
  integrity sha512-RI32vdCHAtKaFpjA9Wp2+VGrE4aagsiHhAEopWCcMDZreZjyC26Wlnwu2CZvqycMjKjZ1tLhpHIJC/VmjJIspQ==
